<?xml version="1.0" encoding="utf-8"?>
<Project ToolsVersion="4.0"
  xmlns="http://schemas.microsoft.com/developer/msbuild/2003">
  <ItemGroup>
    <Filter Include="Source Files">
      <UniqueIdentifier>{4FC737F1-C7A5-4376-A066-2A32D752A2FF}</UniqueIdentifier>
      <Extensions>cpp;c;cc;cxx;c++;cppm;ixx;def;odl;idl;hpj;bat;asm;asmx</Extensions>
    </Filter>
    <Filter Include="Header Files">
      <UniqueIdentifier>{93995380-89BD-4b04-88EB-625FBE52EBFB}</UniqueIdentifier>
      <Extensions>h;hh;hpp;hxx;h++;hm;inl;inc;ipp;xsd</Extensions>
    </Filter>
    <Filter Include="Resource Files">
      <UniqueIdentifier>{67DA6AB6-F800-4c08-8B7A-83BB121AAD01}</UniqueIdentifier>
      <Extensions>rc;ico;cur;bmp;dlg;rc2;rct;bin;rgs;gif;jpg;jpeg;jpe;resx;tiff;tif;png;wav;mfcribbon-ms</Extensions>
    </Filter>
  </ItemGroup>
  <ItemGroup>
    <ClInclude Include="src\constant\Chars.h">
      <Filter>Header Files</Filter>
    </ClInclude>
    <ClInclude Include="src\constant\Constants.h">
      <Filter>Header Files</Filter>
    </ClInclude>
    <ClInclude Include="src\datastructs\Bitset2D.h">
      <Filter>Header Files</Filter>
    </ClInclude>
    <ClInclude Include="src\datastructs\DynamicBitset.h">
      <Filter>Header Files</Filter>
    </ClInclude>
    <ClInclude Include="src\calculator\Equation.h">
      <Filter>Header Files</Filter>
    </ClInclude>
    <ClInclude Include="src\constant\Graphics.h">
      <Filter>Header Files</Filter>
    </ClInclude>
    <ClInclude Include="src\keyboard\IKeyboard.h">
      <Filter>Header Files</Filter>
    </ClInclude>
    <ClInclude Include="src\keyboard\KeyPress.h">
      <Filter>Header Files</Filter>
    </ClInclude>
    <ClInclude Include="src\keyboard\PicoKeyboard.h">
      <Filter>Header Files</Filter>
    </ClInclude>
    <ClInclude Include="src\keyboard\SDLKeyboard.h">
      <Filter>Header Files</Filter>
    </ClInclude>
    <ClInclude Include="src\constant\LCDConstants.h">
      <Filter>Header Files</Filter>
    </ClInclude>
    <ClInclude Include="src\options\MenuOption.h">
      <Filter>Header Files</Filter>
    </ClInclude>
    <ClInclude Include="src\options\MenuOptionBase.h">
      <Filter>Header Files</Filter>
    </ClInclude>
    <ClInclude Include="src\renderers\ConsoleRenderer.h">
      <Filter>Header Files</Filter>
    </ClInclude>
    <ClInclude Include="src\renderers\DisplayRenderer.h">
      <Filter>Header Files</Filter>
    </ClInclude>
    <ClInclude Include="src\renderers\IRenderer.h">
      <Filter>Header Files</Filter>
    </ClInclude>
    <ClInclude Include="src\utils\I2CUtils.h">
      <Filter>Header Files</Filter>
    </ClInclude>
    <ClInclude Include="src\utils\Utils.h">
      <Filter>Header Files</Filter>
    </ClInclude>
    <ClInclude Include="src\windows\CalculatorWindow.h">
      <Filter>Header Files</Filter>
    </ClInclude>
    <ClInclude Include="src\windows\InstanceSelectionWindow.h">
      <Filter>Header Files</Filter>
    </ClInclude>
    <ClInclude Include="src\windows\MainMenuWindow.h">
      <Filter>Header Files</Filter>
    </ClInclude>
    <ClInclude Include="src\windows\MenuWindow.h">
      <Filter>Header Files</Filter>
    </ClInclude>
    <ClInclude Include="src\windows\SettingsWindow.h">
      <Filter>Header Files</Filter>
    </ClInclude>
    <ClInclude Include="src\windows\SysInfoWindow.h">
      <Filter>Header Files</Filter>
    </ClInclude>
    <ClInclude Include="src\windows\TextWindow.h">
      <Filter>Header Files</Filter>
    </ClInclude>
    <ClInclude Include="src\windows\Window.h">
      <Filter>Header Files</Filter>
    </ClInclude>
    <ClInclude Include="src\windows\WindowManager.h">
      <Filter>Header Files</Filter>
    </ClInclude>
    <ClInclude Include="src\datastructs\Number.h">
      <Filter>Header Files</Filter>
    </ClInclude>
    <ClInclude Include="src\constant\Error.h">
      <Filter>Header Files</Filter>
    </ClInclude>
    <ClInclude Include="src\datastructs\Decimal.h">
      <Filter>Header Files</Filter>
    </ClInclude>
    <ClInclude Include="src\http\DesktopHttpClient.h">
      <Filter>Header Files</Filter>
    </ClInclude>
    <ClInclude Include="src\http\HttpHeaders.h">
      <Filter>Header Files</Filter>
    </ClInclude>
    <ClInclude Include="src\http\HttpRequest.h">
      <Filter>Header Files</Filter>
    </ClInclude>
    <ClInclude Include="src\http\HttpResponse.h">
      <Filter>Header Files</Filter>
    </ClInclude>
    <ClInclude Include="src\http\IHttpClient.h">
      <Filter>Header Files</Filter>
    </ClInclude>
    <ClInclude Include="src\windows\WolframAlphaWindow.h">
      <Filter>Header Files</Filter>
    </ClInclude>
    <ClInclude Include="src\http\HttpParams.h">
      <Filter>Header Files</Filter>
    </ClInclude>
    <ClInclude Include="src\windows\ChatGPTWindow.h">
      <Filter>Header Files</Filter>
    </ClInclude>
    <ClInclude Include="src\windows\PaintWindow.h">
      <Filter>Header Files</Filter>
    </ClInclude>
    <ClInclude Include="src\windows\InputWindow.h">
      <Filter>Header Files</Filter>
    </ClInclude>
  </ItemGroup>
  <ItemGroup>
    <ClCompile Include="src\CasioOS.cpp">
      <Filter>Source Files</Filter>
    </ClCompile>
    <ClCompile Include="src\constant\Chars.cpp">
      <Filter>Source Files</Filter>
    </ClCompile>
    <ClCompile Include="src\constant\Constants.cpp">
      <Filter>Source Files</Filter>
    </ClCompile>
    <ClCompile Include="src\datastructs\Bitset2D.cpp">
      <Filter>Source Files</Filter>
    </ClCompile>
    <ClCompile Include="src\datastructs\DynamicBitset.cpp">
      <Filter>Source Files</Filter>
    </ClCompile>
    <ClCompile Include="src\calculator\Equation.cpp">
      <Filter>Source Files</Filter>
    </ClCompile>
    <ClCompile Include="src\constant\Graphics.cpp">
      <Filter>Source Files</Filter>
    </ClCompile>
    <ClCompile Include="src\keyboard\IKeyboard.cpp">
      <Filter>Source Files</Filter>
    </ClCompile>
    <ClCompile Include="src\keyboard\PicoKeyboard.cpp">
      <Filter>Source Files</Filter>
    </ClCompile>
    <ClCompile Include="src\keyboard\SDLKeyboard.cpp">
      <Filter>Source Files</Filter>
    </ClCompile>
    <ClCompile Include="src\renderers\ConsoleRenderer.cpp">
      <Filter>Source Files</Filter>
    </ClCompile>
    <ClCompile Include="src\renderers\DisplayRenderer.cpp">
      <Filter>Source Files</Filter>
    </ClCompile>
    <ClCompile Include="src\renderers\IRenderer.cpp">
      <Filter>Source Files</Filter>
    </ClCompile>
    <ClCompile Include="src\utils\I2CUtils.cpp">
      <Filter>Source Files</Filter>
    </ClCompile>
    <ClCompile Include="src\utils\Utils.cpp">
      <Filter>Source Files</Filter>
    </ClCompile>
    <ClCompile Include="src\windows\CalculatorWindow.cpp">
      <Filter>Source Files</Filter>
    </ClCompile>
    <ClCompile Include="src\windows\InstanceSelectionWindow.cpp">
      <Filter>Source Files</Filter>
    </ClCompile>
    <ClCompile Include="src\windows\MainMenuWindow.cpp">
      <Filter>Source Files</Filter>
    </ClCompile>
    <ClCompile Include="src\windows\MenuWindow.cpp">
      <Filter>Source Files</Filter>
    </ClCompile>
    <ClCompile Include="src\windows\SettingsWindow.cpp">
      <Filter>Source Files</Filter>
    </ClCompile>
    <ClCompile Include="src\windows\SysInfoWindow.cpp">
      <Filter>Source Files</Filter>
    </ClCompile>
    <ClCompile Include="src\windows\TextWindow.cpp">
      <Filter>Source Files</Filter>
    </ClCompile>
    <ClCompile Include="src\windows\Window.cpp">
      <Filter>Source Files</Filter>
    </ClCompile>
    <ClCompile Include="src\windows\WindowManager.cpp">
      <Filter>Source Files</Filter>
    </ClCompile>
    <ClCompile Include="src\datastructs\Number.cpp">
      <Filter>Source Files</Filter>
    </ClCompile>
    <ClCompile Include="src\constant\Error.cpp">
      <Filter>Source Files</Filter>
    </ClCompile>
    <ClCompile Include="src\datastructs\Decimal.cpp">
      <Filter>Source Files</Filter>
    </ClCompile>
    <ClCompile Include="src\http\DesktopHttpClient.cpp">
      <Filter>Source Files</Filter>
    </ClCompile>
    <ClCompile Include="src\http\IHttpClient.cpp">
      <Filter>Source Files</Filter>
    </ClCompile>
    <ClCompile Include="src\windows\WolframAlphaWindow.cpp">
      <Filter>Source Files</Filter>
    </ClCompile>
    <ClCompile Include="src\windows\ChatGPTWindow.cpp">
      <Filter>Source Files</Filter>
    </ClCompile>
    <ClCompile Include="src\windows\PaintWindow.cpp">
      <Filter>Source Files</Filter>
    </ClCompile>
    <ClCompile Include="src\windows\InputWindow.cpp">
      <Filter>Source Files</Filter>
    </ClCompile>
  </ItemGroup>
</Project>